
Microsoft Visual Studio Solution File, Format Version 12.00
# Visual Studio Version 16
VisualStudioVersion = 16.0.30128.74
MinimumVisualStudioVersion = 10.0.40219.1
Project("{FAE04EC0-301F-11D3-BF4B-00C04F79EFBC}") = "BancoK19", "BancoK19\BancoK19.csproj", "{13715BF6-B7EF-4AFD-AA46-7DD6D853F124}"
EndProject
Global
	GlobalSection(SolutionConfigurationPlatforms) = preSolution
		Debug|Any CPU = Debug|Any CPU
		Release|Any CPU = Release|Any CPU
	EndGlobalSection
	GlobalSection(ProjectConfigurationPlatforms) = postSolution
		{13715BF6-B7EF-4AFD-AA46-7DD6D853F124}.Debug|Any CPU.ActiveCfg = Debug|Any CPU
		{13715BF6-B7EF-4AFD-AA46-7DD6D853F124}.Debug|Any CPU.Build.0 = Debug|Any CPU
		{13715BF6-B7EF-4AFD-AA46-7DD6D853F124}.Release|Any CPU.ActiveCfg = Release|Any CPU
		{13715BF6-B7EF-4AFD-AA46-7DD6D853F124}.Release|Any CPU.Build.0 = Release|Any CPU
	EndGlobalSection
	GlobalSection(SolutionProperties) = preSolution
		HideSolutionNode = FALSE
	EndGlobalSection
	GlobalSection(ExtensibilityGlobals) = postSolution
		SolutionGuid = {04A18243-0852-4871-B3FF-22FF47037C42}
	EndGlobalSection
EndGlobal
